// !$*UTF8*$!
{
	archiveVersion = 1;
	classes = {
	};
	objectVersion = 50;
	objects = {

/* Begin PBXBuildFile section */
		19EC4FAC242FAB5A001AB151 /* AppDelegate.swift in Sources */ = {isa = PBXBuildFile; fileRef = 19EC4FAB242FAB5A001AB151 /* AppDelegate.swift */; };
		19EC4FAE242FAB5A001AB151 /* SceneDelegate.swift in Sources */ = {isa = PBXBuildFile; fileRef = 19EC4FAD242FAB5A001AB151 /* SceneDelegate.swift */; };
		19EC4FB3242FAB5A001AB151 /* Main.storyboard in Resources */ = {isa = PBXBuildFile; fileRef = 19EC4FB1242FAB5A001AB151 /* Main.storyboard */; };
		19EC4FB6242FAB5A001AB151 /* Car_Inventory.xcdatamodeld in Sources */ = {isa = PBXBuildFile; fileRef = 19EC4FB4242FAB5A001AB151 /* Car_Inventory.xcdatamodeld */; };
		19EC4FB8242FAB5C001AB151 /* Assets.xcassets in Resources */ = {isa = PBXBuildFile; fileRef = 19EC4FB7242FAB5C001AB151 /* Assets.xcassets */; };
		19EC4FBB242FAB5C001AB151 /* LaunchScreen.storyboard in Resources */ = {isa = PBXBuildFile; fileRef = 19EC4FB9242FAB5C001AB151 /* LaunchScreen.storyboard */; };
		19EC4FC6243001C3001AB151 /* Constraints.swift in Sources */ = {isa = PBXBuildFile; fileRef = 19EC4FC5243001C3001AB151 /* Constraints.swift */; };
		19EC4FC8243002CF001AB151 /* LoginViewController.swift in Sources */ = {isa = PBXBuildFile; fileRef = 19EC4FC7243002CF001AB151 /* LoginViewController.swift */; };
		19EC4FCA243002F3001AB151 /* CarsViewController.swift in Sources */ = {isa = PBXBuildFile; fileRef = 19EC4FC9243002F3001AB151 /* CarsViewController.swift */; };
		19EC4FCC24300315001AB151 /* ManagerMenuViewController.swift in Sources */ = {isa = PBXBuildFile; fileRef = 19EC4FCB24300315001AB151 /* ManagerMenuViewController.swift */; };
		19EC4FCE24301F78001AB151 /* UserManagerViewController.swift in Sources */ = {isa = PBXBuildFile; fileRef = 19EC4FCD24301F78001AB151 /* UserManagerViewController.swift */; };
		19EC4FD024304F19001AB151 /* CarDetailsViewController.swift in Sources */ = {isa = PBXBuildFile; fileRef = 19EC4FCF24304F19001AB151 /* CarDetailsViewController.swift */; };
		19EC4FD224305408001AB151 /* AddCarViewController.swift in Sources */ = {isa = PBXBuildFile; fileRef = 19EC4FD124305408001AB151 /* AddCarViewController.swift */; };
		19EC4FD52430F4A3001AB151 /* CarsTableViewCell.swift in Sources */ = {isa = PBXBuildFile; fileRef = 19EC4FD32430F4A3001AB151 /* CarsTableViewCell.swift */; };
		19EC4FD62430F4A3001AB151 /* CarsTableViewCell.xib in Resources */ = {isa = PBXBuildFile; fileRef = 19EC4FD42430F4A3001AB151 /* CarsTableViewCell.xib */; };
		412BEED62432ACBC00EEF5B7 /* Sample.swift in Sources */ = {isa = PBXBuildFile; fileRef = 412BEED52432ACBC00EEF5B7 /* Sample.swift */; };
		41D52D142431114200C4C928 /* Car.swift in Sources */ = {isa = PBXBuildFile; fileRef = 41D52D102431114200C4C928 /* Car.swift */; };
		41D52D152431114200C4C928 /* User.swift in Sources */ = {isa = PBXBuildFile; fileRef = 41D52D112431114200C4C928 /* User.swift */; };
		41D52D162431114200C4C928 /* UserType.swift in Sources */ = {isa = PBXBuildFile; fileRef = 41D52D122431114200C4C928 /* UserType.swift */; };
		41D52D19243111AD00C4C928 /* DatabaseManager.swift in Sources */ = {isa = PBXBuildFile; fileRef = 41D52D18243111AD00C4C928 /* DatabaseManager.swift */; };
/* End PBXBuildFile section */

/* Begin PBXFileReference section */
		19EC4FA8242FAB5A001AB151 /* Car Inventory.app */ = {isa = PBXFileReference; explicitFileType = wrapper.application; includeInIndex = 0; path = "Car Inventory.app"; sourceTree = BUILT_PRODUCTS_DIR; };
		19EC4FAB242FAB5A001AB151 /* AppDelegate.swift */ = {isa = PBXFileReference; lastKnownFileType = sourcecode.swift; path = AppDelegate.swift; sourceTree = "<group>"; };
		19EC4FAD242FAB5A001AB151 /* SceneDelegate.swift */ = {isa = PBXFileReference; lastKnownFileType = sourcecode.swift; path = SceneDelegate.swift; sourceTree = "<group>"; };
		19EC4FB2242FAB5A001AB151 /* Base */ = {isa = PBXFileReference; lastKnownFileType = file.storyboard; name = Base; path = Base.lproj/Main.storyboard; sourceTree = "<group>"; };
		19EC4FB5242FAB5A001AB151 /* Car_Inventory.xcdatamodel */ = {isa = PBXFileReference; lastKnownFileType = wrapper.xcdatamodel; path = Car_Inventory.xcdatamodel; sourceTree = "<group>"; };
		19EC4FB7242FAB5C001AB151 /* Assets.xcassets */ = {isa = PBXFileReference; lastKnownFileType = folder.assetcatalog; path = Assets.xcassets; sourceTree = "<group>"; };
		19EC4FBA242FAB5C001AB151 /* Base */ = {isa = PBXFileReference; lastKnownFileType = file.storyboard; name = Base; path = Base.lproj/LaunchScreen.storyboard; sourceTree = "<group>"; };
		19EC4FBC242FAB5C001AB151 /* Info.plist */ = {isa = PBXFileReference; lastKnownFileType = text.plist.xml; path = Info.plist; sourceTree = "<group>"; };
		19EC4FC5243001C3001AB151 /* Constraints.swift */ = {isa = PBXFileReference; lastKnownFileType = sourcecode.swift; path = Constraints.swift; sourceTree = "<group>"; };
		19EC4FC7243002CF001AB151 /* LoginViewController.swift */ = {isa = PBXFileReference; lastKnownFileType = sourcecode.swift; path = LoginViewController.swift; sourceTree = "<group>"; };
		19EC4FC9243002F3001AB151 /* CarsViewController.swift */ = {isa = PBXFileReference; lastKnownFileType = sourcecode.swift; path = CarsViewController.swift; sourceTree = "<group>"; };
		19EC4FCB24300315001AB151 /* ManagerMenuViewController.swift */ = {isa = PBXFileReference; lastKnownFileType = sourcecode.swift; path = ManagerMenuViewController.swift; sourceTree = "<group>"; };
		19EC4FCD24301F78001AB151 /* UserManagerViewController.swift */ = {isa = PBXFileReference; lastKnownFileType = sourcecode.swift; path = UserManagerViewController.swift; sourceTree = "<group>"; };
		19EC4FCF24304F19001AB151 /* CarDetailsViewController.swift */ = {isa = PBXFileReference; lastKnownFileType = sourcecode.swift; path = CarDetailsViewController.swift; sourceTree = "<group>"; };
		19EC4FD124305408001AB151 /* AddCarViewController.swift */ = {isa = PBXFileReference; lastKnownFileType = sourcecode.swift; path = AddCarViewController.swift; sourceTree = "<group>"; };
		19EC4FD32430F4A3001AB151 /* CarsTableViewCell.swift */ = {isa = PBXFileReference; lastKnownFileType = sourcecode.swift; path = CarsTableViewCell.swift; sourceTree = "<group>"; };
		19EC4FD42430F4A3001AB151 /* CarsTableViewCell.xib */ = {isa = PBXFileReference; lastKnownFileType = file.xib; path = CarsTableViewCell.xib; sourceTree = "<group>"; };
		412BEED52432ACBC00EEF5B7 /* Sample.swift */ = {isa = PBXFileReference; lastKnownFileType = sourcecode.swift; path = Sample.swift; sourceTree = "<group>"; };
		41D52D102431114200C4C928 /* Car.swift */ = {isa = PBXFileReference; fileEncoding = 4; lastKnownFileType = sourcecode.swift; path = Car.swift; sourceTree = "<group>"; };
		41D52D112431114200C4C928 /* User.swift */ = {isa = PBXFileReference; fileEncoding = 4; lastKnownFileType = sourcecode.swift; path = User.swift; sourceTree = "<group>"; };
		41D52D122431114200C4C928 /* UserType.swift */ = {isa = PBXFileReference; fileEncoding = 4; lastKnownFileType = sourcecode.swift; path = UserType.swift; sourceTree = "<group>"; };
		41D52D18243111AD00C4C928 /* DatabaseManager.swift */ = {isa = PBXFileReference; fileEncoding = 4; lastKnownFileType = sourcecode.swift; path = DatabaseManager.swift; sourceTree = "<group>"; };
/* End PBXFileReference section */

/* Begin PBXFrameworksBuildPhase section */
		19EC4FA5242FAB5A001AB151 /* Frameworks */ = {
			isa = PBXFrameworksBuildPhase;
			buildActionMask = 2147483647;
			files = (
			);
			runOnlyForDeploymentPostprocessing = 0;
		};
/* End PBXFrameworksBuildPhase section */

/* Begin PBXGroup section */
		19EC4F9F242FAB5A001AB151 = {
			isa = PBXGroup;
			children = (
				19EC4FAA242FAB5A001AB151 /* Car Inventory */,
				19EC4FA9242FAB5A001AB151 /* Products */,
			);
			sourceTree = "<group>";
		};
		19EC4FA9242FAB5A001AB151 /* Products */ = {
			isa = PBXGroup;
			children = (
				19EC4FA8242FAB5A001AB151 /* Car Inventory.app */,
			);
			name = Products;
			sourceTree = "<group>";
		};
		19EC4FAA242FAB5A001AB151 /* Car Inventory */ = {
			isa = PBXGroup;
			children = (
				19EC4FC2242FB9CF001AB151 /* Model */,
				19EC4FC4242FB9F2001AB151 /* View */,
				19EC4FC3242FB9DD001AB151 /* Controller */,
				19EC4FAB242FAB5A001AB151 /* AppDelegate.swift */,
				19EC4FAD242FAB5A001AB151 /* SceneDelegate.swift */,
				19EC4FB7242FAB5C001AB151 /* Assets.xcassets */,
				19EC4FBC242FAB5C001AB151 /* Info.plist */,
				19EC4FB4242FAB5A001AB151 /* Car_Inventory.xcdatamodeld */,
				19EC4FC5243001C3001AB151 /* Constraints.swift */,
			);
			path = "Car Inventory";
			sourceTree = "<group>";
		};
		19EC4FC2242FB9CF001AB151 /* Model */ = {
			isa = PBXGroup;
			children = (
				41D52D102431114200C4C928 /* Car.swift */,
				41D52D112431114200C4C928 /* User.swift */,
				41D52D122431114200C4C928 /* UserType.swift */,
				41D52D18243111AD00C4C928 /* DatabaseManager.swift */,
				412BEED52432ACBC00EEF5B7 /* Sample.swift */,
			);
			path = Model;
			sourceTree = "<group>";
		};
		19EC4FC3242FB9DD001AB151 /* Controller */ = {
			isa = PBXGroup;
			children = (
				19EC4FC7243002CF001AB151 /* LoginViewController.swift */,
				19EC4FC9243002F3001AB151 /* CarsViewController.swift */,
				19EC4FCB24300315001AB151 /* ManagerMenuViewController.swift */,
				19EC4FCD24301F78001AB151 /* UserManagerViewController.swift */,
				19EC4FCF24304F19001AB151 /* CarDetailsViewController.swift */,
				19EC4FD124305408001AB151 /* AddCarViewController.swift */,
			);
			path = Controller;
			sourceTree = "<group>";
		};
		19EC4FC4242FB9F2001AB151 /* View */ = {
			isa = PBXGroup;
			children = (
				19EC4FB1242FAB5A001AB151 /* Main.storyboard */,
				19EC4FB9242FAB5C001AB151 /* LaunchScreen.storyboard */,
				19EC4FD32430F4A3001AB151 /* CarsTableViewCell.swift */,
				19EC4FD42430F4A3001AB151 /* CarsTableViewCell.xib */,
			);
			path = View;
			sourceTree = "<group>";
		};
/* End PBXGroup section */

/* Begin PBXNativeTarget section */
		19EC4FA7242FAB5A001AB151 /* Car Inventory */ = {
			isa = PBXNativeTarget;
			buildConfigurationList = 19EC4FBF242FAB5C001AB151 /* Build configuration list for PBXNativeTarget "Car Inventory" */;
			buildPhases = (
				19EC4FA4242FAB5A001AB151 /* Sources */,
				19EC4FA5242FAB5A001AB151 /* Frameworks */,
				19EC4FA6242FAB5A001AB151 /* Resources */,
			);
			buildRules = (
			);
			dependencies = (
			);
			name = "Car Inventory";
			productName = "Car Inventory";
			productReference = 19EC4FA8242FAB5A001AB151 /* Car Inventory.app */;
			productType = "com.apple.product-type.application";
		};
/* End PBXNativeTarget section */

/* Begin PBXProject section */
		19EC4FA0242FAB5A001AB151 /* Project object */ = {
			isa = PBXProject;
			attributes = {
				LastSwiftUpdateCheck = 1130;
				LastUpgradeCheck = 1130;
				ORGANIZATIONNAME = "Jose Smith Marmolejos";
				TargetAttributes = {
					19EC4FA7242FAB5A001AB151 = {
						CreatedOnToolsVersion = 11.3;
					};
				};
			};
			buildConfigurationList = 19EC4FA3242FAB5A001AB151 /* Build configuration list for PBXProject "Car Inventory" */;
			compatibilityVersion = "Xcode 9.3";
			developmentRegion = en;
			hasScannedForEncodings = 0;
			knownRegions = (
				en,
				Base,
			);
			mainGroup = 19EC4F9F242FAB5A001AB151;
			productRefGroup = 19EC4FA9242FAB5A001AB151 /* Products */;
			projectDirPath = "";
			projectRoot = "";
			targets = (
				19EC4FA7242FAB5A001AB151 /* Car Inventory */,
			);
		};
/* End PBXProject section */

/* Begin PBXResourcesBuildPhase section */
		19EC4FA6242FAB5A001AB151 /* Resources */ = {
			isa = PBXResourcesBuildPhase;
			buildActionMask = 2147483647;
			files = (
				19EC4FBB242FAB5C001AB151 /* LaunchScreen.storyboard in Resources */,
				19EC4FB8242FAB5C001AB151 /* Assets.xcassets in Resources */,
				19EC4FD62430F4A3001AB151 /* CarsTableViewCell.xib in Resources */,
				19EC4FB3242FAB5A001AB151 /* Main.storyboard in Resources */,
			);
			runOnlyForDeploymentPostprocessing = 0;
		};
/* End PBXResourcesBuildPhase section */

/* Begin PBXSourcesBuildPhase section */
		19EC4FA4242FAB5A001AB151 /* Sources */ = {
			isa = PBXSourcesBuildPhase;
			buildActionMask = 2147483647;
			files = (
				41D52D152431114200C4C928 /* User.swift in Sources */,
				19EC4FB6242FAB5A001AB151 /* Car_Inventory.xcdatamodeld in Sources */,
				41D52D19243111AD00C4C928 /* DatabaseManager.swift in Sources */,
				41D52D162431114200C4C928 /* UserType.swift in Sources */,
				19EC4FC6243001C3001AB151 /* Constraints.swift in Sources */,
				41D52D142431114200C4C928 /* Car.swift in Sources */,
				19EC4FD024304F19001AB151 /* CarDetailsViewController.swift in Sources */,
				19EC4FAC242FAB5A001AB151 /* AppDelegate.swift in Sources */,
				19EC4FCE24301F78001AB151 /* UserManagerViewController.swift in Sources */,
				412BEED62432ACBC00EEF5B7 /* Sample.swift in Sources */,
				19EC4FC8243002CF001AB151 /* LoginViewController.swift in Sources */,
				19EC4FD52430F4A3001AB151 /* CarsTableViewCell.swift in Sources */,
				19EC4FAE242FAB5A001AB151 /* SceneDelegate.swift in Sources */,
				19EC4FD224305408001AB151 /* AddCarViewController.swift in Sources */,
				19EC4FCA243002F3001AB151 /* CarsViewController.swift in Sources */,
				19EC4FCC24300315001AB151 /* ManagerMenuViewController.swift in Sources */,
			);
			runOnlyForDeploymentPostprocessing = 0;
		};
/* End PBXSourcesBuildPhase section */

/* Begin PBXVariantGroup section */
		19EC4FB1242FAB5A001AB151 /* Main.storyboard */ = {
			isa = PBXVariantGroup;
			children = (
				19EC4FB2242FAB5A001AB151 /* Base */,
			);
			name = Main.storyboard;
			sourceTree = "<group>";
		};
		19EC4FB9242FAB5C001AB151 /* LaunchScreen.storyboard */ = {
			isa = PBXVariantGroup;
			children = (
				19EC4FBA242FAB5C001AB151 /* Base */,
			);
			name = LaunchScreen.storyboard;
			sourceTree = "<group>";
		};
/* End PBXVariantGroup section */

/* Begin XCBuildConfiguration section */
		19EC4FBD242FAB5C001AB151 /* Debug */ = {
			isa = XCBuildConfiguration;
			buildSettings = {
				ALWAYS_SEARCH_USER_PATHS = NO;
				CLANG_ANALYZER_NONNULL = YES;
				CLANG_ANALYZER_NUMBER_OBJECT_CONVERSION = YES_AGGRESSIVE;
				CLANG_CXX_LANGUAGE_STANDARD = "gnu++14";
				CLANG_CXX_LIBRARY = "libc++";
				CLANG_ENABLE_MODULES = YES;
				CLANG_ENABLE_OBJC_ARC = YES;
				CLANG_ENABLE_OBJC_WEAK = YES;
				CLANG_WARN_BLOCK_CAPTURE_AUTORELEASING = YES;
				CLANG_WARN_BOOL_CONVERSION = YES;
				CLANG_WARN_COMMA = YES;
				CLANG_WARN_CONSTANT_CONVERSION = YES;
				CLANG_WARN_DEPRECATED_OBJC_IMPLEMENTATIONS = YES;
				CLANG_WARN_DIRECT_OBJC_ISA_USAGE = YES_ERROR;
				CLANG_WARN_DOCUMENTATION_COMMENTS = YES;
				CLANG_WARN_EMPTY_BODY = YES;
				CLANG_WARN_ENUM_CONVERSION = YES;
				CLANG_WARN_INFINITE_RECURSION = YES;
				CLANG_WARN_INT_CONVERSION = YES;
				CLANG_WARN_NON_LITERAL_NULL_CONVERSION = YES;
				CLANG_WARN_OBJC_IMPLICIT_RETAIN_SELF = YES;
				CLANG_WARN_OBJC_LITERAL_CONVERSION = YES;
				CLANG_WARN_OBJC_ROOT_CLASS = YES_ERROR;
				CLANG_WARN_RANGE_LOOP_ANALYSIS = YES;
				CLANG_WARN_STRICT_PROTOTYPES = YES;
				CLANG_WARN_SUSPICIOUS_MOVE = YES;
				CLANG_WARN_UNGUARDED_AVAILABILITY = YES_AGGRESSIVE;
				CLANG_WARN_UNREACHABLE_CODE = YES;
				CLANG_WARN__DUPLICATE_METHOD_MATCH = YES;
				COPY_PHASE_STRIP = NO;
				DEBUG_INFORMATION_FORMAT = dwarf;
				ENABLE_STRICT_OBJC_MSGSEND = YES;
				ENABLE_TESTABILITY = YES;
				GCC_C_LANGUAGE_STANDARD = gnu11;
				GCC_DYNAMIC_NO_PIC = NO;
				GCC_NO_COMMON_BLOCKS = YES;
				GCC_OPTIMIZATION_LEVEL = 0;
				GCC_PREPROCESSOR_DEFINITIONS = (
					"DEBUG=1",
					"$(inherited)",
				);
				GCC_WARN_64_TO_32_BIT_CONVERSION = YES;
				GCC_WARN_ABOUT_RETURN_TYPE = YES_ERROR;
				GCC_WARN_UNDECLARED_SELECTOR = YES;
				GCC_WARN_UNINITIALIZED_AUTOS = YES_AGGRESSIVE;
				GCC_WARN_UNUSED_FUNCTION = YES;
				GCC_WARN_UNUSED_VARIABLE = YES;
				IPHONEOS_DEPLOYMENT_TARGET = 13.2;
				MTL_ENABLE_DEBUG_INFO = INCLUDE_SOURCE;
				MTL_FAST_MATH = YES;
				ONLY_ACTIVE_ARCH = YES;
				SDKROOT = iphoneos;
				SWIFT_ACTIVE_COMPILATION_CONDITIONS = DEBUG;
				SWIFT_OPTIMIZATION_LEVEL = "-Onone";
			};
			name = Debug;
		};
		19EC4FBE242FAB5C001AB151 /* Release */ = {
			isa = XCBuildConfiguration;
			buildSettings = {
				ALWAYS_SEARCH_USER_PATHS = NO;
				CLANG_ANALYZER_NONNULL = YES;
				CLANG_ANALYZER_NUMBER_OBJECT_CONVERSION = YES_AGGRESSIVE;
				CLANG_CXX_LANGUAGE_STANDARD = "gnu++14";
				CLANG_CXX_LIBRARY = "libc++";
				CLANG_ENABLE_MODULES = YES;
				CLANG_ENABLE_OBJC_ARC = YES;
				CLANG_ENABLE_OBJC_WEAK = YES;
				CLANG_WARN_BLOCK_CAPTURE_AUTORELEASING = YES;
				CLANG_WARN_BOOL_CONVERSION = YES;
				CLANG_WARN_COMMA = YES;
				CLANG_WARN_CONSTANT_CONVERSION = YES;
				CLANG_WARN_DEPRECATED_OBJC_IMPLEMENTATIONS = YES;
				CLANG_WARN_DIRECT_OBJC_ISA_USAGE = YES_ERROR;
				CLANG_WARN_DOCUMENTATION_COMMENTS = YES;
				CLANG_WARN_EMPTY_BODY = YES;
				CLANG_WARN_ENUM_CONVERSION = YES;
				CLANG_WARN_INFINITE_RECURSION = YES;
				CLANG_WARN_INT_CONVERSION = YES;
				CLANG_WARN_NON_LITERAL_NULL_CONVERSION = YES;
				CLANG_WARN_OBJC_IMPLICIT_RETAIN_SELF = YES;
				CLANG_WARN_OBJC_LITERAL_CONVERSION = YES;
				CLANG_WARN_OBJC_ROOT_CLASS = YES_ERROR;
				CLANG_WARN_RANGE_LOOP_ANALYSIS = YES;
				CLANG_WARN_STRICT_PROTOTYPES = YES;
				CLANG_WARN_SUSPICIOUS_MOVE = YES;
				CLANG_WARN_UNGUARDED_AVAILABILITY = YES_AGGRESSIVE;
				CLANG_WARN_UNREACHABLE_CODE = YES;
				CLANG_WARN__DUPLICATE_METHOD_MATCH = YES;
				COPY_PHASE_STRIP = NO;
				DEBUG_INFORMATION_FORMAT = "dwarf-with-dsym";
				ENABLE_NS_ASSERTIONS = NO;
				ENABLE_STRICT_OBJC_MSGSEND = YES;
				GCC_C_LANGUAGE_STANDARD = gnu11;
				GCC_NO_COMMON_BLOCKS = YES;
				GCC_WARN_64_TO_32_BIT_CONVERSION = YES;
				GCC_WARN_ABOUT_RETURN_TYPE = YES_ERROR;
				GCC_WARN_UNDECLARED_SELECTOR = YES;
				GCC_WARN_UNINITIALIZED_AUTOS = YES_AGGRESSIVE;
				GCC_WARN_UNUSED_FUNCTION = YES;
				GCC_WARN_UNUSED_VARIABLE = YES;
				IPHONEOS_DEPLOYMENT_TARGET = 13.2;
				MTL_ENABLE_DEBUG_INFO = NO;
				MTL_FAST_MATH = YES;
				SDKROOT = iphoneos;
				SWIFT_COMPILATION_MODE = wholemodule;
				SWIFT_OPTIMIZATION_LEVEL = "-O";
				VALIDATE_PRODUCT = YES;
			};
			name = Release;
		};
		19EC4FC0242FAB5C001AB151 /* Debug */ = {
			isa = XCBuildConfiguration;
			buildSettings = {
				ASSETCATALOG_COMPILER_APPICON_NAME = AppIcon;
				CODE_SIGN_STYLE = Automatic;
				INFOPLIST_FILE = "Car Inventory/Info.plist";
				LD_RUNPATH_SEARCH_PATHS = (
					"$(inherited)",
					"@executable_path/Frameworks",
				);
				PRODUCT_BUNDLE_IDENTIFIER = "com.lambtonStudents.Car-Inventory";
				PRODUCT_NAME = "$(TARGET_NAME)";
				SWIFT_VERSION = 5.0;
				TARGETED_DEVICE_FAMILY = "1,2";
			};
			name = Debug;
		};
		19EC4FC1242FAB5C001AB151 /* Release */ = {
			isa = XCBuildConfiguration;
			buildSettings = {
				ASSETCATALOG_COMPILER_APPICON_NAME = AppIcon;
				CODE_SIGN_STYLE = Automatic;
				INFOPLIST_FILE = "Car Inventory/Info.plist";
				LD_RUNPATH_SEARCH_PATHS = (
					"$(inherited)",
					"@executable_path/Frameworks",
				);
				PRODUCT_BUNDLE_IDENTIFIER = "com.lambtonStudents.Car-Inventory";
				PRODUCT_NAME = "$(TARGET_NAME)";
				SWIFT_VERSION = 5.0;
				TARGETED_DEVICE_FAMILY = "1,2";
			};
			name = Release;
		};
/* End XCBuildConfiguration section */

/* Begin XCConfigurationList section */
		19EC4FA3242FAB5A001AB151 /* Build configuration list for PBXProject "Car Inventory" */ = {
			isa = XCConfigurationList;
			buildConfigurations = (
				19EC4FBD242FAB5C001AB151 /* Debug */,
				19EC4FBE242FAB5C001AB151 /* Release */,
			);
			defaultConfigurationIsVisible = 0;
			defaultConfigurationName = Release;
		};
		19EC4FBF242FAB5C001AB151 /* Build configuration list for PBXNativeTarget "Car Inventory" */ = {
			isa = XCConfigurationList;
			buildConfigurations = (
				19EC4FC0242FAB5C001AB151 /* Debug */,
				19EC4FC1242FAB5C001AB151 /* Release */,
			);
			defaultConfigurationIsVisible = 0;
			defaultConfigurationName = Release;
		};
/* End XCConfigurationList section */

/* Begin XCVersionGroup section */
		19EC4FB4242FAB5A001AB151 /* Car_Inventory.xcdatamodeld */ = {
			isa = XCVersionGroup;
			children = (
				19EC4FB5242FAB5A001AB151 /* Car_Inventory.xcdatamodel */,
			);
			currentVersion = 19EC4FB5242FAB5A001AB151 /* Car_Inventory.xcdatamodel */;
			path = Car_Inventory.xcdatamodeld;
			sourceTree = "<group>";
			versionGroupType = wrapper.xcdatamodel;
		};
/* End XCVersionGroup section */
	};
	rootObject = 19EC4FA0242FAB5A001AB151 /* Project object */;
}
